PODS:
  - ChooseView (0.1.0):
    - Masonry
  - Masonry (0.6.3)

DEPENDENCIES:
  - ChooseView (from `../`)

EXTERNAL SOURCES:
  ChooseView:
    :path: "../"

SPEC CHECKSUMS:
  ChooseView: ece865cb2d9a70a0638e008e8694f551a42052e5
  Masonry: ff105a956abcd19a618b2028b121cb638d7a8e2f

COCOAPODS: 0.39.0
