PODS:
  - ChooseView (0.1.0):
    - Masonry
  - Masonry (0.6.4)

DEPENDENCIES:
  - ChooseView (from `../`)

EXTERNAL SOURCES:
  ChooseView:
    :path: "../"

SPEC CHECKSUMS:
  ChooseView: ece865cb2d9a70a0638e008e8694f551a42052e5
  Masonry: 281802d04d787ea2973179ee8bcb50500579ede2

COCOAPODS: 0.39.0
