PODS:
  - ChooseView (1.1.1):
    - Masonry
  - Masonry (0.6.4)

DEPENDENCIES:
  - ChooseView (from `../`)

EXTERNAL SOURCES:
  ChooseView:
    :path: "../"

SPEC CHECKSUMS:
  ChooseView: 7fca3c0ab0b643f733e45773772cafd2749bc51c
  Masonry: 281802d04d787ea2973179ee8bcb50500579ede2

COCOAPODS: 0.39.0
